<?xml version="1.0" encoding="utf-8"?>
<Project ToolsVersion="4.0" xmlns="http://schemas.microsoft.com/developer/msbuild/2003">
  <ItemGroup>
    <Filter Include="소스 파일">
      <UniqueIdentifier>{4FC737F1-C7A5-4376-A066-2A32D752A2FF}</UniqueIdentifier>
      <Extensions>cpp;c;cc;cxx;c++;cppm;ixx;def;odl;idl;hpj;bat;asm;asmx</Extensions>
    </Filter>
    <Filter Include="헤더 파일">
      <UniqueIdentifier>{93995380-89BD-4b04-88EB-625FBE52EBFB}</UniqueIdentifier>
      <Extensions>h;hh;hpp;hxx;h++;hm;inl;inc;ipp;xsd</Extensions>
    </Filter>
    <Filter Include="리소스 파일">
      <UniqueIdentifier>{67DA6AB6-F800-4c08-8B7A-83BB121AAD01}</UniqueIdentifier>
      <Extensions>rc;ico;cur;bmp;dlg;rc2;rct;bin;rgs;gif;jpg;jpeg;jpe;resx;tiff;tif;png;wav;mfcribbon-ms</Extensions>
    </Filter>
  </ItemGroup>
  <ItemGroup>
    <ClCompile Include="main.c">
      <Filter>소스 파일</Filter>
    </ClCompile>
    <ClCompile Include="Grouplist.c">
      <Filter>소스 파일</Filter>
    </ClCompile>
    <ClCompile Include="GameSys.c">
      <Filter>소스 파일</Filter>
    </ClCompile>
    <ClCompile Include="gameScheduler.c">
      <Filter>소스 파일</Filter>
    </ClCompile>
  </ItemGroup>
  <ItemGroup>
    <ClInclude Include="resource.h">
      <Filter>헤더 파일</Filter>
    </ClInclude>
    <ClInclude Include="Grouplist.h">
      <Filter>헤더 파일</Filter>
    </ClInclude>
    <ClInclude Include="GameSys.h">
      <Filter>헤더 파일</Filter>
    </ClInclude>
    <ClInclude Include="gameScheduler.h">
      <Filter>헤더 파일</Filter>
    </ClInclude>
  </ItemGroup>
  <ItemGroup>
    <ResourceCompile Include="Resource.rc">
      <Filter>리소스 파일</Filter>
    </ResourceCompile>
  </ItemGroup>
  <ItemGroup>
    <Image Include="Sprite Source\Dali.bmp">
      <Filter>리소스 파일</Filter>
    </Image>
    <Image Include="Sprite Source\Lisette.bmp">
      <Filter>리소스 파일</Filter>
    </Image>
    <Image Include="Sprite Source\Card.bmp">
      <Filter>리소스 파일</Filter>
    </Image>
    <Image Include="Sprite Source\Card_num_0.bmp">
      <Filter>리소스 파일</Filter>
    </Image>
    <Image Include="Sprite Source\Card_num_1.bmp">
      <Filter>리소스 파일</Filter>
    </Image>
    <Image Include="Sprite Source\star_crumb.bmp">
      <Filter>리소스 파일</Filter>
    </Image>
    <Image Include="aseprite_fonts\adapted_aseprite_font_white.bmp">
      <Filter>리소스 파일</Filter>
    </Image>
    <Image Include="Sprite Source\Card_Pointer.bmp">
      <Filter>리소스 파일</Filter>
    </Image>
    <Image Include="aseprite_fonts\adapted_aseprite_font_black.bmp">
      <Filter>리소스 파일</Filter>
    </Image>
    <Image Include="Sprite Source\TipBox.bmp">
      <Filter>리소스 파일</Filter>
    </Image>
    <Image Include="Sprite Source\Enemy.bmp">
      <Filter>리소스 파일</Filter>
    </Image>
    <Image Include="Sprite Source\Game_BGGlow.bmp">
      <Filter>리소스 파일</Filter>
    </Image>
  </ItemGroup>
</Project>